
Microsoft Visual Studio Solution File, Format Version 12.00
# Visual Studio Version 17
VisualStudioVersion = 17.0.31903.59
MinimumVisualStudioVersion = 10.0.40219.1
Project("{FAE04EC0-301F-11D3-BF4B-00C04F79EFBC}") = "API", "API\API.csproj", "{A15BBAE6-D59F-45AE-8879-24DB7931FC6F}"
EndProject
Project("{FAE04EC0-301F-11D3-BF4B-00C04F79EFBC}") = "Core", "Core\Core.csproj", "{B90F4A5C-948B-460D-876E-22E426F09FFE}"
EndProject
Project("{FAE04EC0-301F-11D3-BF4B-00C04F79EFBC}") = "Infrastructure", "Infrastructure\Infrastructure.csproj", "{81692031-0202-42FE-9964-AABE5A6360F5}"
EndProject
Global
	GlobalSection(SolutionConfigurationPlatforms) = preSolution
		Debug|Any CPU = Debug|Any CPU
		Release|Any CPU = Release|Any CPU
	EndGlobalSection
	GlobalSection(SolutionProperties) = preSolution
		HideSolutionNode = FALSE
	EndGlobalSection
	GlobalSection(ProjectConfigurationPlatforms) = postSolution
		{A15BBAE6-D59F-45AE-8879-24DB7931FC6F}.Debug|Any CPU.ActiveCfg = Debug|Any CPU
		{A15BBAE6-D59F-45AE-8879-24DB7931FC6F}.Debug|Any CPU.Build.0 = Debug|Any CPU
		{A15BBAE6-D59F-45AE-8879-24DB7931FC6F}.Release|Any CPU.ActiveCfg = Release|Any CPU
		{A15BBAE6-D59F-45AE-8879-24DB7931FC6F}.Release|Any CPU.Build.0 = Release|Any CPU
		{B90F4A5C-948B-460D-876E-22E426F09FFE}.Debug|Any CPU.ActiveCfg = Debug|Any CPU
		{B90F4A5C-948B-460D-876E-22E426F09FFE}.Debug|Any CPU.Build.0 = Debug|Any CPU
		{B90F4A5C-948B-460D-876E-22E426F09FFE}.Release|Any CPU.ActiveCfg = Release|Any CPU
		{B90F4A5C-948B-460D-876E-22E426F09FFE}.Release|Any CPU.Build.0 = Release|Any CPU
		{81692031-0202-42FE-9964-AABE5A6360F5}.Debug|Any CPU.ActiveCfg = Debug|Any CPU
		{81692031-0202-42FE-9964-AABE5A6360F5}.Debug|Any CPU.Build.0 = Debug|Any CPU
		{81692031-0202-42FE-9964-AABE5A6360F5}.Release|Any CPU.ActiveCfg = Release|Any CPU
		{81692031-0202-42FE-9964-AABE5A6360F5}.Release|Any CPU.Build.0 = Release|Any CPU
	EndGlobalSection
EndGlobal
